// !$*UTF8*$!
{
	archiveVersion = 1;
	classes = {
	};
	objectVersion = 56;
	objects = {

/* Begin PBXBuildFile section */
		D56643B329117D3000306D42 /* AppDelegate.swift in Sources */ = {isa = PBXBuildFile; fileRef = D56643B229117D3000306D42 /* AppDelegate.swift */; };
		D56643B529117D3000306D42 /* SceneDelegate.swift in Sources */ = {isa = PBXBuildFile; fileRef = D56643B429117D3000306D42 /* SceneDelegate.swift */; };
		D56643B729117D3000306D42 /* LoginViewController.swift in Sources */ = {isa = PBXBuildFile; fileRef = D56643B629117D3000306D42 /* LoginViewController.swift */; };
		D56643BA29117D3000306D42 /* Main.storyboard in Resources */ = {isa = PBXBuildFile; fileRef = D56643B829117D3000306D42 /* Main.storyboard */; };
		D56643BC29117D3100306D42 /* Assets.xcassets in Resources */ = {isa = PBXBuildFile; fileRef = D56643BB29117D3100306D42 /* Assets.xcassets */; };
		D56643BF29117D3100306D42 /* LaunchScreen.storyboard in Resources */ = {isa = PBXBuildFile; fileRef = D56643BD29117D3100306D42 /* LaunchScreen.storyboard */; };
		D56643CA2912F09F00306D42 /* AllCitiesTableViewController.swift in Sources */ = {isa = PBXBuildFile; fileRef = D56643C92912F09F00306D42 /* AllCitiesTableViewController.swift */; };
		D56643CC2912F0F000306D42 /* AllCitiesTableViewCell.swift in Sources */ = {isa = PBXBuildFile; fileRef = D56643CB2912F0F000306D42 /* AllCitiesTableViewCell.swift */; };
		D56643CF2912FD5E00306D42 /* MyCitiesTableViewCell.swift in Sources */ = {isa = PBXBuildFile; fileRef = D56643CE2912FD5E00306D42 /* MyCitiesTableViewCell.swift */; };
		D56643D12912FD8700306D42 /* MyCitiesTableViewController.swift in Sources */ = {isa = PBXBuildFile; fileRef = D56643D02912FD8700306D42 /* MyCitiesTableViewController.swift */; };
		D56643D529130B3B00306D42 /* WeatherCollectionViewController.swift in Sources */ = {isa = PBXBuildFile; fileRef = D56643D429130B3B00306D42 /* WeatherCollectionViewController.swift */; };
		D56643D729130B5900306D42 /* WeatherCollectionViewCell.swift in Sources */ = {isa = PBXBuildFile; fileRef = D56643D629130B5900306D42 /* WeatherCollectionViewCell.swift */; };
		D5CFB2592915F900003DD149 /* GradientView.swift in Sources */ = {isa = PBXBuildFile; fileRef = D5CFB2582915F900003DD149 /* GradientView.swift */; };
/* End PBXBuildFile section */

/* Begin PBXFileReference section */
		D56643AF29117D3000306D42 /* Weather.app */ = {isa = PBXFileReference; explicitFileType = wrapper.application; includeInIndex = 0; path = Weather.app; sourceTree = BUILT_PRODUCTS_DIR; };
		D56643B229117D3000306D42 /* AppDelegate.swift */ = {isa = PBXFileReference; lastKnownFileType = sourcecode.swift; path = AppDelegate.swift; sourceTree = "<group>"; };
		D56643B429117D3000306D42 /* SceneDelegate.swift */ = {isa = PBXFileReference; lastKnownFileType = sourcecode.swift; path = SceneDelegate.swift; sourceTree = "<group>"; };
		D56643B629117D3000306D42 /* LoginViewController.swift */ = {isa = PBXFileReference; lastKnownFileType = sourcecode.swift; path = LoginViewController.swift; sourceTree = "<group>"; };
		D56643B929117D3000306D42 /* Base */ = {isa = PBXFileReference; lastKnownFileType = file.storyboard; name = Base; path = Base.lproj/Main.storyboard; sourceTree = "<group>"; };
		D56643BB29117D3100306D42 /* Assets.xcassets */ = {isa = PBXFileReference; lastKnownFileType = folder.assetcatalog; path = Assets.xcassets; sourceTree = "<group>"; };
		D56643BE29117D3100306D42 /* Base */ = {isa = PBXFileReference; lastKnownFileType = file.storyboard; name = Base; path = Base.lproj/LaunchScreen.storyboard; sourceTree = "<group>"; };
		D56643C029117D3100306D42 /* Info.plist */ = {isa = PBXFileReference; lastKnownFileType = text.plist.xml; path = Info.plist; sourceTree = "<group>"; };
		D56643C92912F09F00306D42 /* AllCitiesTableViewController.swift */ = {isa = PBXFileReference; lastKnownFileType = sourcecode.swift; path = AllCitiesTableViewController.swift; sourceTree = "<group>"; };
		D56643CB2912F0F000306D42 /* AllCitiesTableViewCell.swift */ = {isa = PBXFileReference; lastKnownFileType = sourcecode.swift; path = AllCitiesTableViewCell.swift; sourceTree = "<group>"; };
		D56643CE2912FD5E00306D42 /* MyCitiesTableViewCell.swift */ = {isa = PBXFileReference; lastKnownFileType = sourcecode.swift; path = MyCitiesTableViewCell.swift; sourceTree = "<group>"; };
		D56643D02912FD8700306D42 /* MyCitiesTableViewController.swift */ = {isa = PBXFileReference; lastKnownFileType = sourcecode.swift; path = MyCitiesTableViewController.swift; sourceTree = "<group>"; };
		D56643D429130B3B00306D42 /* WeatherCollectionViewController.swift */ = {isa = PBXFileReference; lastKnownFileType = sourcecode.swift; path = WeatherCollectionViewController.swift; sourceTree = "<group>"; };
		D56643D629130B5900306D42 /* WeatherCollectionViewCell.swift */ = {isa = PBXFileReference; lastKnownFileType = sourcecode.swift; path = WeatherCollectionViewCell.swift; sourceTree = "<group>"; };
		D5CFB2582915F900003DD149 /* GradientView.swift */ = {isa = PBXFileReference; lastKnownFileType = sourcecode.swift; path = GradientView.swift; sourceTree = "<group>"; };
/* End PBXFileReference section */

/* Begin PBXFrameworksBuildPhase section */
		D56643AC29117D3000306D42 /* Frameworks */ = {
			isa = PBXFrameworksBuildPhase;
			buildActionMask = 2147483647;
			files = (
			);
			runOnlyForDeploymentPostprocessing = 0;
		};
/* End PBXFrameworksBuildPhase section */

/* Begin PBXGroup section */
		D56643A629117D3000306D42 = {
			isa = PBXGroup;
			children = (
				D56643B129117D3000306D42 /* Weather */,
				D56643B029117D3000306D42 /* Products */,
			);
			sourceTree = "<group>";
		};
		D56643B029117D3000306D42 /* Products */ = {
			isa = PBXGroup;
			children = (
				D56643AF29117D3000306D42 /* Weather.app */,
			);
			name = Products;
			sourceTree = "<group>";
		};
		D56643B129117D3000306D42 /* Weather */ = {
			isa = PBXGroup;
			children = (
				D5CFB2572915F8DA003DD149 /* CustomView */,
				D56643D229130AE300306D42 /* Login */,
				D56643CD2912FD4100306D42 /* MyCities */,
				D56643C82912F06200306D42 /* AllCities */,
				D56643D329130AF300306D42 /* Weather */,
				D56643B829117D3000306D42 /* Main.storyboard */,
				D56643BB29117D3100306D42 /* Assets.xcassets */,
				D56643BD29117D3100306D42 /* LaunchScreen.storyboard */,
				D5CFB2562915EDB5003DD149 /* Application */,
				D56643C029117D3100306D42 /* Info.plist */,
			);
			path = Weather;
			sourceTree = "<group>";
		};
		D56643C82912F06200306D42 /* AllCities */ = {
			isa = PBXGroup;
			children = (
				D56643C92912F09F00306D42 /* AllCitiesTableViewController.swift */,
				D56643CB2912F0F000306D42 /* AllCitiesTableViewCell.swift */,
			);
			path = AllCities;
			sourceTree = "<group>";
		};
		D56643CD2912FD4100306D42 /* MyCities */ = {
			isa = PBXGroup;
			children = (
				D56643D02912FD8700306D42 /* MyCitiesTableViewController.swift */,
				D56643CE2912FD5E00306D42 /* MyCitiesTableViewCell.swift */,
			);
			path = MyCities;
			sourceTree = "<group>";
		};
		D56643D229130AE300306D42 /* Login */ = {
			isa = PBXGroup;
			children = (
				D56643B629117D3000306D42 /* LoginViewController.swift */,
			);
			path = Login;
			sourceTree = "<group>";
		};
		D56643D329130AF300306D42 /* Weather */ = {
			isa = PBXGroup;
			children = (
				D56643D429130B3B00306D42 /* WeatherCollectionViewController.swift */,
				D56643D629130B5900306D42 /* WeatherCollectionViewCell.swift */,
			);
			path = Weather;
			sourceTree = "<group>";
		};
		D5CFB2562915EDB5003DD149 /* Application */ = {
			isa = PBXGroup;
			children = (
				D56643B229117D3000306D42 /* AppDelegate.swift */,
				D56643B429117D3000306D42 /* SceneDelegate.swift */,
			);
			path = Application;
			sourceTree = "<group>";
		};
		D5CFB2572915F8DA003DD149 /* CustomView */ = {
			isa = PBXGroup;
			children = (
				D5CFB2582915F900003DD149 /* GradientView.swift */,
			);
			path = CustomView;
			sourceTree = "<group>";
		};
/* End PBXGroup section */

/* Begin PBXNativeTarget section */
		D56643AE29117D3000306D42 /* Weather */ = {
			isa = PBXNativeTarget;
			buildConfigurationList = D56643C329117D3100306D42 /* Build configuration list for PBXNativeTarget "Weather" */;
			buildPhases = (
				D56643C629117D5F00306D42 /* SwiftLint */,
				D56643C729117D9200306D42 /* SwiftFormat */,
				D56643AB29117D3000306D42 /* Sources */,
				D56643AC29117D3000306D42 /* Frameworks */,
				D56643AD29117D3000306D42 /* Resources */,
			);
			buildRules = (
			);
			dependencies = (
			);
			name = Weather;
			productName = Weather;
			productReference = D56643AF29117D3000306D42 /* Weather.app */;
			productType = "com.apple.product-type.application";
		};
/* End PBXNativeTarget section */

/* Begin PBXProject section */
		D56643A729117D3000306D42 /* Project object */ = {
			isa = PBXProject;
			attributes = {
				BuildIndependentTargetsInParallel = 1;
				LastSwiftUpdateCheck = 1400;
				LastUpgradeCheck = 1400;
				TargetAttributes = {
					D56643AE29117D3000306D42 = {
						CreatedOnToolsVersion = 14.0;
					};
				};
			};
			buildConfigurationList = D56643AA29117D3000306D42 /* Build configuration list for PBXProject "Weather" */;
			compatibilityVersion = "Xcode 14.0";
			developmentRegion = en;
			hasScannedForEncodings = 0;
			knownRegions = (
				en,
				Base,
			);
			mainGroup = D56643A629117D3000306D42;
			productRefGroup = D56643B029117D3000306D42 /* Products */;
			projectDirPath = "";
			projectRoot = "";
			targets = (
				D56643AE29117D3000306D42 /* Weather */,
			);
		};
/* End PBXProject section */

/* Begin PBXResourcesBuildPhase section */
		D56643AD29117D3000306D42 /* Resources */ = {
			isa = PBXResourcesBuildPhase;
			buildActionMask = 2147483647;
			files = (
				D56643BF29117D3100306D42 /* LaunchScreen.storyboard in Resources */,
				D56643BC29117D3100306D42 /* Assets.xcassets in Resources */,
				D56643BA29117D3000306D42 /* Main.storyboard in Resources */,
			);
			runOnlyForDeploymentPostprocessing = 0;
		};
/* End PBXResourcesBuildPhase section */

/* Begin PBXShellScriptBuildPhase section */
		D56643C629117D5F00306D42 /* SwiftLint */ = {
			isa = PBXShellScriptBuildPhase;
			alwaysOutOfDate = 1;
			buildActionMask = 2147483647;
			files = (
			);
			inputFileListPaths = (
			);
			inputPaths = (
			);
			name = SwiftLint;
			outputFileListPaths = (
			);
			outputPaths = (
			);
			runOnlyForDeploymentPostprocessing = 0;
			shellPath = /bin/sh;
			shellScript = "export PATH=\"$PATH:/opt/homebrew/bin\"\nif which swiftlint > /dev/null; then\n  swiftlint\nelse\n  echo \"warning: SwiftLint not installed, download from https://github.com/realm/SwiftLint\"\nfi\n";
		};
		D56643C729117D9200306D42 /* SwiftFormat */ = {
			isa = PBXShellScriptBuildPhase;
			alwaysOutOfDate = 1;
			buildActionMask = 2147483647;
			files = (
			);
			inputFileListPaths = (
			);
			inputPaths = (
			);
			name = SwiftFormat;
			outputFileListPaths = (
			);
			outputPaths = (
			);
			runOnlyForDeploymentPostprocessing = 0;
			shellPath = /bin/sh;
			shellScript = "export PATH=\"$PATH:/opt/homebrew/bin\"\nif which swiftformat >/dev/null; then\n  swiftformat .\nelse\n  echo \"warning: SwiftFormat not installed, download from https://github.com/nicklockwood/SwiftFormat\"\nfi\n";
		};
/* End PBXShellScriptBuildPhase section */

/* Begin PBXSourcesBuildPhase section */
		D56643AB29117D3000306D42 /* Sources */ = {
			isa = PBXSourcesBuildPhase;
			buildActionMask = 2147483647;
			files = (
				D56643D729130B5900306D42 /* WeatherCollectionViewCell.swift in Sources */,
				D56643B729117D3000306D42 /* LoginViewController.swift in Sources */,
				D5CFB2592915F900003DD149 /* GradientView.swift in Sources */,
				D56643B329117D3000306D42 /* AppDelegate.swift in Sources */,
				D56643D12912FD8700306D42 /* MyCitiesTableViewController.swift in Sources */,
				D56643D529130B3B00306D42 /* WeatherCollectionViewController.swift in Sources */,
				D56643CA2912F09F00306D42 /* AllCitiesTableViewController.swift in Sources */,
				D56643B529117D3000306D42 /* SceneDelegate.swift in Sources */,
				D56643CF2912FD5E00306D42 /* MyCitiesTableViewCell.swift in Sources */,
				D56643CC2912F0F000306D42 /* AllCitiesTableViewCell.swift in Sources */,
			);
			runOnlyForDeploymentPostprocessing = 0;
		};
/* End PBXSourcesBuildPhase section */

/* Begin PBXVariantGroup section */
		D56643B829117D3000306D42 /* Main.storyboard */ = {
			isa = PBXVariantGroup;
			children = (
				D56643B929117D3000306D42 /* Base */,
			);
			name = Main.storyboard;
			sourceTree = "<group>";
		};
		D56643BD29117D3100306D42 /* LaunchScreen.storyboard */ = {
			isa = PBXVariantGroup;
			children = (
				D56643BE29117D3100306D42 /* Base */,
			);
			name = LaunchScreen.storyboard;
			sourceTree = "<group>";
		};
/* End PBXVariantGroup section */

/* Begin XCBuildConfiguration section */
		D56643C129117D3100306D42 /* Debug */ = {
			isa = XCBuildConfiguration;
			buildSettings = {
				ALWAYS_SEARCH_USER_PATHS = NO;
				CLANG_ANALYZER_NONNULL = YES;
				CLANG_ANALYZER_NUMBER_OBJECT_CONVERSION = YES_AGGRESSIVE;
				CLANG_CXX_LANGUAGE_STANDARD = "gnu++20";
				CLANG_ENABLE_MODULES = YES;
				CLANG_ENABLE_OBJC_ARC = YES;
				CLANG_ENABLE_OBJC_WEAK = YES;
				CLANG_WARN_BLOCK_CAPTURE_AUTORELEASING = YES;
				CLANG_WARN_BOOL_CONVERSION = YES;
				CLANG_WARN_COMMA = YES;
				CLANG_WARN_CONSTANT_CONVERSION = YES;
				CLANG_WARN_DEPRECATED_OBJC_IMPLEMENTATIONS = YES;
				CLANG_WARN_DIRECT_OBJC_ISA_USAGE = YES_ERROR;
				CLANG_WARN_DOCUMENTATION_COMMENTS = YES;
				CLANG_WARN_EMPTY_BODY = YES;
				CLANG_WARN_ENUM_CONVERSION = YES;
				CLANG_WARN_INFINITE_RECURSION = YES;
				CLANG_WARN_INT_CONVERSION = YES;
				CLANG_WARN_NON_LITERAL_NULL_CONVERSION = YES;
				CLANG_WARN_OBJC_IMPLICIT_RETAIN_SELF = YES;
				CLANG_WARN_OBJC_LITERAL_CONVERSION = YES;
				CLANG_WARN_OBJC_ROOT_CLASS = YES_ERROR;
				CLANG_WARN_QUOTED_INCLUDE_IN_FRAMEWORK_HEADER = YES;
				CLANG_WARN_RANGE_LOOP_ANALYSIS = YES;
				CLANG_WARN_STRICT_PROTOTYPES = YES;
				CLANG_WARN_SUSPICIOUS_MOVE = YES;
				CLANG_WARN_UNGUARDED_AVAILABILITY = YES_AGGRESSIVE;
				CLANG_WARN_UNREACHABLE_CODE = YES;
				CLANG_WARN__DUPLICATE_METHOD_MATCH = YES;
				COPY_PHASE_STRIP = NO;
				DEBUG_INFORMATION_FORMAT = dwarf;
				ENABLE_STRICT_OBJC_MSGSEND = YES;
				ENABLE_TESTABILITY = YES;
				GCC_C_LANGUAGE_STANDARD = gnu11;
				GCC_DYNAMIC_NO_PIC = NO;
				GCC_NO_COMMON_BLOCKS = YES;
				GCC_OPTIMIZATION_LEVEL = 0;
				GCC_PREPROCESSOR_DEFINITIONS = (
					"DEBUG=1",
					"$(inherited)",
				);
				GCC_WARN_64_TO_32_BIT_CONVERSION = YES;
				GCC_WARN_ABOUT_RETURN_TYPE = YES_ERROR;
				GCC_WARN_UNDECLARED_SELECTOR = YES;
				GCC_WARN_UNINITIALIZED_AUTOS = YES_AGGRESSIVE;
				GCC_WARN_UNUSED_FUNCTION = YES;
				GCC_WARN_UNUSED_VARIABLE = YES;
				IPHONEOS_DEPLOYMENT_TARGET = 16.0;
				MTL_ENABLE_DEBUG_INFO = INCLUDE_SOURCE;
				MTL_FAST_MATH = YES;
				ONLY_ACTIVE_ARCH = YES;
				SDKROOT = iphoneos;
				SWIFT_ACTIVE_COMPILATION_CONDITIONS = DEBUG;
				SWIFT_OPTIMIZATION_LEVEL = "-Onone";
			};
			name = Debug;
		};
		D56643C229117D3100306D42 /* Release */ = {
			isa = XCBuildConfiguration;
			buildSettings = {
				ALWAYS_SEARCH_USER_PATHS = NO;
				CLANG_ANALYZER_NONNULL = YES;
				CLANG_ANALYZER_NUMBER_OBJECT_CONVERSION = YES_AGGRESSIVE;
				CLANG_CXX_LANGUAGE_STANDARD = "gnu++20";
				CLANG_ENABLE_MODULES = YES;
				CLANG_ENABLE_OBJC_ARC = YES;
				CLANG_ENABLE_OBJC_WEAK = YES;
				CLANG_WARN_BLOCK_CAPTURE_AUTORELEASING = YES;
				CLANG_WARN_BOOL_CONVERSION = YES;
				CLANG_WARN_COMMA = YES;
				CLANG_WARN_CONSTANT_CONVERSION = YES;
				CLANG_WARN_DEPRECATED_OBJC_IMPLEMENTATIONS = YES;
				CLANG_WARN_DIRECT_OBJC_ISA_USAGE = YES_ERROR;
				CLANG_WARN_DOCUMENTATION_COMMENTS = YES;
				CLANG_WARN_EMPTY_BODY = YES;
				CLANG_WARN_ENUM_CONVERSION = YES;
				CLANG_WARN_INFINITE_RECURSION = YES;
				CLANG_WARN_INT_CONVERSION = YES;
				CLANG_WARN_NON_LITERAL_NULL_CONVERSION = YES;
				CLANG_WARN_OBJC_IMPLICIT_RETAIN_SELF = YES;
				CLANG_WARN_OBJC_LITERAL_CONVERSION = YES;
				CLANG_WARN_OBJC_ROOT_CLASS = YES_ERROR;
				CLANG_WARN_QUOTED_INCLUDE_IN_FRAMEWORK_HEADER = YES;
				CLANG_WARN_RANGE_LOOP_ANALYSIS = YES;
				CLANG_WARN_STRICT_PROTOTYPES = YES;
				CLANG_WARN_SUSPICIOUS_MOVE = YES;
				CLANG_WARN_UNGUARDED_AVAILABILITY = YES_AGGRESSIVE;
				CLANG_WARN_UNREACHABLE_CODE = YES;
				CLANG_WARN__DUPLICATE_METHOD_MATCH = YES;
				COPY_PHASE_STRIP = NO;
				DEBUG_INFORMATION_FORMAT = "dwarf-with-dsym";
				ENABLE_NS_ASSERTIONS = NO;
				ENABLE_STRICT_OBJC_MSGSEND = YES;
				GCC_C_LANGUAGE_STANDARD = gnu11;
				GCC_NO_COMMON_BLOCKS = YES;
				GCC_WARN_64_TO_32_BIT_CONVERSION = YES;
				GCC_WARN_ABOUT_RETURN_TYPE = YES_ERROR;
				GCC_WARN_UNDECLARED_SELECTOR = YES;
				GCC_WARN_UNINITIALIZED_AUTOS = YES_AGGRESSIVE;
				GCC_WARN_UNUSED_FUNCTION = YES;
				GCC_WARN_UNUSED_VARIABLE = YES;
				IPHONEOS_DEPLOYMENT_TARGET = 16.0;
				MTL_ENABLE_DEBUG_INFO = NO;
				MTL_FAST_MATH = YES;
				SDKROOT = iphoneos;
				SWIFT_COMPILATION_MODE = wholemodule;
				SWIFT_OPTIMIZATION_LEVEL = "-O";
				VALIDATE_PRODUCT = YES;
			};
			name = Release;
		};
		D56643C429117D3100306D42 /* Debug */ = {
			isa = XCBuildConfiguration;
			buildSettings = {
				ASSETCATALOG_COMPILER_APPICON_NAME = AppIcon;
				ASSETCATALOG_COMPILER_GLOBAL_ACCENT_COLOR_NAME = AccentColor;
				CODE_SIGN_STYLE = Automatic;
				CURRENT_PROJECT_VERSION = 1;
				DEVELOPMENT_TEAM = KCR277F8KP;
				GENERATE_INFOPLIST_FILE = YES;
				INFOPLIST_FILE = Weather/Info.plist;
				INFOPLIST_KEY_UIApplicationSupportsIndirectInputEvents = YES;
				INFOPLIST_KEY_UILaunchStoryboardName = LaunchScreen;
				INFOPLIST_KEY_UIMainStoryboardFile = Main;
				INFOPLIST_KEY_UISupportedInterfaceOrientations_iPad = "UIInterfaceOrientationPortrait UIInterfaceOrientationPortraitUpsideDown UIInterfaceOrientationLandscapeLeft UIInterfaceOrientationLandscapeRight";
				INFOPLIST_KEY_UISupportedInterfaceOrientations_iPhone = "UIInterfaceOrientationPortrait UIInterfaceOrientationLandscapeLeft UIInterfaceOrientationLandscapeRight";
				LD_RUNPATH_SEARCH_PATHS = (
					"$(inherited)",
					"@executable_path/Frameworks",
				);
				MARKETING_VERSION = 1.0;
				PRODUCT_BUNDLE_IDENTIFIER = "suprun1212-gmail.com.Weather";
				PRODUCT_NAME = "$(TARGET_NAME)";
				SWIFT_EMIT_LOC_STRINGS = YES;
				SWIFT_VERSION = 5.0;
				TARGETED_DEVICE_FAMILY = "1,2";
			};
			name = Debug;
		};
		D56643C529117D3100306D42 /* Release */ = {
			isa = XCBuildConfiguration;
			buildSettings = {
				ASSETCATALOG_COMPILER_APPICON_NAME = AppIcon;
				ASSETCATALOG_COMPILER_GLOBAL_ACCENT_COLOR_NAME = AccentColor;
				CODE_SIGN_STYLE = Automatic;
				CURRENT_PROJECT_VERSION = 1;
				DEVELOPMENT_TEAM = KCR277F8KP;
				GENERATE_INFOPLIST_FILE = YES;
				INFOPLIST_FILE = Weather/Info.plist;
				INFOPLIST_KEY_UIApplicationSupportsIndirectInputEvents = YES;
				INFOPLIST_KEY_UILaunchStoryboardName = LaunchScreen;
				INFOPLIST_KEY_UIMainStoryboardFile = Main;
				INFOPLIST_KEY_UISupportedInterfaceOrientations_iPad = "UIInterfaceOrientationPortrait UIInterfaceOrientationPortraitUpsideDown UIInterfaceOrientationLandscapeLeft UIInterfaceOrientationLandscapeRight";
				INFOPLIST_KEY_UISupportedInterfaceOrientations_iPhone = "UIInterfaceOrientationPortrait UIInterfaceOrientationLandscapeLeft UIInterfaceOrientationLandscapeRight";
				LD_RUNPATH_SEARCH_PATHS = (
					"$(inherited)",
					"@executable_path/Frameworks",
				);
				MARKETING_VERSION = 1.0;
				PRODUCT_BUNDLE_IDENTIFIER = "suprun1212-gmail.com.Weather";
				PRODUCT_NAME = "$(TARGET_NAME)";
				SWIFT_EMIT_LOC_STRINGS = YES;
				SWIFT_VERSION = 5.0;
				TARGETED_DEVICE_FAMILY = "1,2";
			};
			name = Release;
		};
/* End XCBuildConfiguration section */

/* Begin XCConfigurationList section */
		D56643AA29117D3000306D42 /* Build configuration list for PBXProject "Weather" */ = {
			isa = XCConfigurationList;
			buildConfigurations = (
				D56643C129117D3100306D42 /* Debug */,
				D56643C229117D3100306D42 /* Release */,
			);
			defaultConfigurationIsVisible = 0;
			defaultConfigurationName = Release;
		};
		D56643C329117D3100306D42 /* Build configuration list for PBXNativeTarget "Weather" */ = {
			isa = XCConfigurationList;
			buildConfigurations = (
				D56643C429117D3100306D42 /* Debug */,
				D56643C529117D3100306D42 /* Release */,
			);
			defaultConfigurationIsVisible = 0;
			defaultConfigurationName = Release;
		};
/* End XCConfigurationList section */
	};
	rootObject = D56643A729117D3000306D42 /* Project object */;
}
